github.com/buger/jsonparser v0.0.0-20181115193947-bf1c66bbce23 h1:D21IyuvjDCshj1/qq+pCNd3VZOAEI9jy6Bi131YlXgI=
github.com/buger/jsonparser v0.0.0-20181115193947-bf1c66bbce23/go.mod h1:bbYlZJ7hK1yFx9hf58LP0zeX7UjIGs20ufpu3evjr+s=
github.com/dolab/types v0.0.0-20181115071224-9f9f8147c117 h1:w7dIqNfQuaVBTSMCHx0q32k4gM3vN5ZRJKs73EhEnIA=
github.com/dolab/types v0.0.0-20181115071224-9f9f8147c117/go.mod h1:ye5M9z0YlIxn/I+vU4MlK18SuRdSl62pxjMI6CdlFGg=
github.com/golib/assert v1.3.0 h1:0zlb71NpB0q5FHMnYHyTnh+IS1+6YwW26ARpgN/0PA4=
github.com/golib/assert v1.3.0/go.mod h1:hyMJSCLv/DFMNpTYmEaAd+OYj1KqmB5pZ7WlKGj7sGo=
github.com/kr/pretty v0.1.0 h1:L/CwN0zerZDmRFUapSPitk6f+Q3+0za1rQkzVuMiMFI=
github.com/kr/pretty v0.1.0/go.mod h1:dAy3ld7l9f0ibDNOQOHHMYYIIbhfbHSm3C4ZsoJORNo=
github.com/kr/pty v1.1.1/go.mod h1:pFQYn66WHrOpPYNljwOMqo10TkYh1fy3cYio2l3bCsQ=
github.com/kr/text v0.1.0 h1:45sCR5RtlFHMR4UwH9sdQ5TC8v0qDQCHnXt+kaKSTVE=
github.com/kr/text v0.1.0/go.mod h1:4Jbv+DJW3UT/LiOwJeYQe1efqtUx/iVham/4vfdArNI=
github.com/pmezard/go-difflib v1.0.0 h1:4DBwDE0NGyQoBHbLQYPwSUPoCMWR5BEzIk/f1lZbAQM=
github.com/pmezard/go-difflib v1.0.0/go.mod h1:iKH77koFhYxTK1pcRnkKkqfTogsbg7gZNVY4sRDYZ/4=
